
Microsoft Visual Studio Solution File, Format Version 12.00
# Visual Studio 14
VisualStudioVersion = 14.0.24720.0
MinimumVisualStudioVersion = 10.0.40219.1
Project("{8BC9CEB8-8B4A-11D0-8D11-00A0C91BC942}") = "logger", "logger\logger.vcxproj", "{7D2172CE-88C0-41D0-B7D0-ECF8A70C94BD}"
	ProjectSection(ProjectDependencies) = postProject
		{88CDC8C0-5B8B-4CDA-A373-FFFA264D43C6} = {88CDC8C0-5B8B-4CDA-A373-FFFA264D43C6}
	EndProjectSection
EndProject
Project("{8BC9CEB8-8B4A-11D0-8D11-00A0C91BC942}") = "share", "share\share.vcxproj", "{88CDC8C0-5B8B-4CDA-A373-FFFA264D43C6}"
EndProject
Project("{8BC9CEB8-8B4A-11D0-8D11-00A0C91BC942}") = "SimpleXML", "simplexml\SimpleXML.vcxproj", "{B38C1B9C-9246-46A7-85EB-2868B0C80BA0}"
EndProject
Project("{8BC9CEB8-8B4A-11D0-8D11-00A0C91BC942}") = "netcore", "netcore\netcore.vcxproj", "{722990BE-125F-47EB-9725-50300673C8D1}"
EndProject
Project("{8BC9CEB8-8B4A-11D0-8D11-00A0C91BC942}") = "GsAssistant", "GsAssistant\GsAssistant.vcxproj", "{D03B3756-4261-4C2D-B3FD-4CBB773C8AFB}"
EndProject
Project("{8BC9CEB8-8B4A-11D0-8D11-00A0C91BC942}") = "guidsys", "guidsys\guidsys.vcxproj", "{F01A57B0-0674-4762-A64A-2AAD7DC88CD8}"
EndProject
Project("{8BC9CEB8-8B4A-11D0-8D11-00A0C91BC942}") = "cachesys", "cachesys\cachesys.vcxproj", "{260B6FE8-2AEA-4B7D-A9CF-A8E3B4EAB21C}"
	ProjectSection(ProjectDependencies) = postProject
		{A3D29751-7405-4EF4-8FA9-3787EC471708} = {A3D29751-7405-4EF4-8FA9-3787EC471708}
	EndProjectSection
EndProject
Project("{8BC9CEB8-8B4A-11D0-8D11-00A0C91BC942}") = "convertsys", "convertsys\convert.vcxproj", "{78CF7911-62A0-44BE-8980-360D49CBD550}"
EndProject
Project("{8BC9CEB8-8B4A-11D0-8D11-00A0C91BC942}") = "cache", "cache\cache.vcxproj", "{04FD55EF-AFC2-496F-8470-45D4E97238D1}"
	ProjectSection(ProjectDependencies) = postProject
		{C7A07411-5A4D-4569-BFFE-7C6626D7892A} = {C7A07411-5A4D-4569-BFFE-7C6626D7892A}
	EndProjectSection
EndProject
Project("{8BC9CEB8-8B4A-11D0-8D11-00A0C91BC942}") = "netstream", "netstream\netstream.vcxproj", "{C7A07411-5A4D-4569-BFFE-7C6626D7892A}"
EndProject
Project("{8BC9CEB8-8B4A-11D0-8D11-00A0C91BC942}") = "scene", "scene\Scene.vcxproj", "{845774B3-ED9F-410C-8B5A-DCA705BD889B}"
EndProject
Project("{8BC9CEB8-8B4A-11D0-8D11-00A0C91BC942}") = "terminal", "terminal\terminal.vcxproj", "{B9CC490E-05B6-4E8B-B60B-3C6E669606F1}"
EndProject
Project("{8BC9CEB8-8B4A-11D0-8D11-00A0C91BC942}") = "gamelogic", "gamelogic\gamelogic.vcxproj", "{604D9DDF-8436-4A49-8800-64659C7C25FC}"
EndProject
Project("{2150E333-8FDC-42A3-9474-1A3956D46DE8}") = "Solution Items", "Solution Items", "{499FE19A-C832-4E66-AEF2-7EC7C2603925}"
EndProject
Project("{8BC9CEB8-8B4A-11D0-8D11-00A0C91BC942}") = "protocol", "protocol\protocol.vcxproj", "{8D0040C3-0FEA-4536-AC3D-CA4FA12664C7}"
EndProject
Project("{8BC9CEB8-8B4A-11D0-8D11-00A0C91BC942}") = "DebugCS", "DebugClient\DebugCS.vcxproj", "{3F9DC62B-3C41-4C2C-80BF-C917A16CCF88}"
EndProject
Project("{8BC9CEB8-8B4A-11D0-8D11-00A0C91BC942}") = "world", "world\world.vcxproj", "{C679A7A0-F554-4FDA-946B-3A7A2203C518}"
	ProjectSection(ProjectDependencies) = postProject
		{B9CC490E-05B6-4E8B-B60B-3C6E669606F1} = {B9CC490E-05B6-4E8B-B60B-3C6E669606F1}
		{C7A07411-5A4D-4569-BFFE-7C6626D7892A} = {C7A07411-5A4D-4569-BFFE-7C6626D7892A}
		{845774B3-ED9F-410C-8B5A-DCA705BD889B} = {845774B3-ED9F-410C-8B5A-DCA705BD889B}
		{88CDC8C0-5B8B-4CDA-A373-FFFA264D43C6} = {88CDC8C0-5B8B-4CDA-A373-FFFA264D43C6}
		{7D2172CE-88C0-41D0-B7D0-ECF8A70C94BD} = {7D2172CE-88C0-41D0-B7D0-ECF8A70C94BD}
		{604D9DDF-8436-4A49-8800-64659C7C25FC} = {604D9DDF-8436-4A49-8800-64659C7C25FC}
		{04FD55EF-AFC2-496F-8470-45D4E97238D1} = {04FD55EF-AFC2-496F-8470-45D4E97238D1}
	EndProjectSection
EndProject
Project("{8BC9CEB8-8B4A-11D0-8D11-00A0C91BC942}") = "pool", "pool\pool.vcxproj", "{1BDB01EE-98B5-40A5-B284-8ADFBC6FB3C8}"
	ProjectSection(ProjectDependencies) = postProject
		{8D0040C3-0FEA-4536-AC3D-CA4FA12664C7} = {8D0040C3-0FEA-4536-AC3D-CA4FA12664C7}
	EndProjectSection
EndProject
Project("{2150E333-8FDC-42A3-9474-1A3956D46DE8}") = "plugin", "plugin", "{3989D6AE-A777-491A-9EF3-D53F758DEAAC}"
EndProject
Project("{8BC9CEB8-8B4A-11D0-8D11-00A0C91BC942}") = "ManagePlayer", "plugin\manage_player\manage_player.vcxproj", "{0052C33D-02A6-4D54-85E9-B1DA18476E87}"
EndProject
Project("{8BC9CEB8-8B4A-11D0-8D11-00A0C91BC942}") = "test", "test\test.vcxproj", "{1B14B5EE-8A39-40C6-9BA4-258C762B0395}"
	ProjectSection(ProjectDependencies) = postProject
		{7737E776-6BA9-47D3-8285-2F18BF7124C0} = {7737E776-6BA9-47D3-8285-2F18BF7124C0}
		{1BDB01EE-98B5-40A5-B284-8ADFBC6FB3C8} = {1BDB01EE-98B5-40A5-B284-8ADFBC6FB3C8}
	EndProjectSection
EndProject
Project("{8BC9CEB8-8B4A-11D0-8D11-00A0C91BC942}") = "scenex", "scenex\scenex.vcxproj", "{7737E776-6BA9-47D3-8285-2F18BF7124C0}"
	ProjectSection(ProjectDependencies) = postProject
		{C7A07411-5A4D-4569-BFFE-7C6626D7892A} = {C7A07411-5A4D-4569-BFFE-7C6626D7892A}
	EndProjectSection
EndProject
Project("{8BC9CEB8-8B4A-11D0-8D11-00A0C91BC942}") = "gate", "gate\gate.vcxproj", "{C39E23B1-912A-483F-886C-1AB71B60F8D2}"
EndProject
Project("{8BC9CEB8-8B4A-11D0-8D11-00A0C91BC942}") = "ManageShort", "plugin\manage_short\ManageShort.vcxproj", "{10CBE159-1AEE-4488-9029-B94FD45BDBA5}"
EndProject
Project("{8BC9CEB8-8B4A-11D0-8D11-00A0C91BC942}") = "dynamicparse", "dynamicparse\dynamicparse.vcxproj", "{A3D29751-7405-4EF4-8FA9-3787EC471708}"
EndProject
Project("{FAE04EC0-301F-11D3-BF4B-00C04F79EFBC}") = "proto_maker", "proto_maker\proto_maker.csproj", "{C5C76E71-77C2-4363-86CF-FFAAAB7BA720}"
EndProject
Global
	GlobalSection(SolutionConfigurationPlatforms) = preSolution
		Debug|Any CPU = Debug|Any CPU
		Debug|x64 = Debug|x64
		Debug|x86 = Debug|x86
		Release|Any CPU = Release|Any CPU
		Release|x64 = Release|x64
		Release|x86 = Release|x86
		ReleaseD|Any CPU = ReleaseD|Any CPU
		ReleaseD|x64 = ReleaseD|x64
		ReleaseD|x86 = ReleaseD|x86
	EndGlobalSection
	GlobalSection(ProjectConfigurationPlatforms) = postSolution
		{7D2172CE-88C0-41D0-B7D0-ECF8A70C94BD}.Debug|Any CPU.ActiveCfg = Debug|x64
		{7D2172CE-88C0-41D0-B7D0-ECF8A70C94BD}.Debug|x64.ActiveCfg = Debug|x64
		{7D2172CE-88C0-41D0-B7D0-ECF8A70C94BD}.Debug|x64.Build.0 = Debug|x64
		{7D2172CE-88C0-41D0-B7D0-ECF8A70C94BD}.Debug|x86.ActiveCfg = Debug|x64
		{7D2172CE-88C0-41D0-B7D0-ECF8A70C94BD}.Release|Any CPU.ActiveCfg = Release|x64
		{7D2172CE-88C0-41D0-B7D0-ECF8A70C94BD}.Release|x64.ActiveCfg = Release|x64
		{7D2172CE-88C0-41D0-B7D0-ECF8A70C94BD}.Release|x64.Build.0 = Release|x64
		{7D2172CE-88C0-41D0-B7D0-ECF8A70C94BD}.Release|x86.ActiveCfg = Release|x64
		{7D2172CE-88C0-41D0-B7D0-ECF8A70C94BD}.ReleaseD|Any CPU.ActiveCfg = ReleaseD|x64
		{7D2172CE-88C0-41D0-B7D0-ECF8A70C94BD}.ReleaseD|x64.ActiveCfg = ReleaseD|x64
		{7D2172CE-88C0-41D0-B7D0-ECF8A70C94BD}.ReleaseD|x64.Build.0 = ReleaseD|x64
		{7D2172CE-88C0-41D0-B7D0-ECF8A70C94BD}.ReleaseD|x86.ActiveCfg = ReleaseD|x64
		{88CDC8C0-5B8B-4CDA-A373-FFFA264D43C6}.Debug|Any CPU.ActiveCfg = Debug|x64
		{88CDC8C0-5B8B-4CDA-A373-FFFA264D43C6}.Debug|x64.ActiveCfg = Debug|x64
		{88CDC8C0-5B8B-4CDA-A373-FFFA264D43C6}.Debug|x64.Build.0 = Debug|x64
		{88CDC8C0-5B8B-4CDA-A373-FFFA264D43C6}.Debug|x86.ActiveCfg = Debug|x64
		{88CDC8C0-5B8B-4CDA-A373-FFFA264D43C6}.Release|Any CPU.ActiveCfg = Release|x64
		{88CDC8C0-5B8B-4CDA-A373-FFFA264D43C6}.Release|x64.ActiveCfg = Release|x64
		{88CDC8C0-5B8B-4CDA-A373-FFFA264D43C6}.Release|x64.Build.0 = Release|x64
		{88CDC8C0-5B8B-4CDA-A373-FFFA264D43C6}.Release|x86.ActiveCfg = Release|x64
		{88CDC8C0-5B8B-4CDA-A373-FFFA264D43C6}.ReleaseD|Any CPU.ActiveCfg = ReleaseD|x64
		{88CDC8C0-5B8B-4CDA-A373-FFFA264D43C6}.ReleaseD|x64.ActiveCfg = ReleaseD|x64
		{88CDC8C0-5B8B-4CDA-A373-FFFA264D43C6}.ReleaseD|x64.Build.0 = ReleaseD|x64
		{88CDC8C0-5B8B-4CDA-A373-FFFA264D43C6}.ReleaseD|x86.ActiveCfg = ReleaseD|x64
		{B38C1B9C-9246-46A7-85EB-2868B0C80BA0}.Debug|Any CPU.ActiveCfg = Debug|x64
		{B38C1B9C-9246-46A7-85EB-2868B0C80BA0}.Debug|x64.ActiveCfg = Debug|x64
		{B38C1B9C-9246-46A7-85EB-2868B0C80BA0}.Debug|x64.Build.0 = Debug|x64
		{B38C1B9C-9246-46A7-85EB-2868B0C80BA0}.Debug|x86.ActiveCfg = Debug|x64
		{B38C1B9C-9246-46A7-85EB-2868B0C80BA0}.Release|Any CPU.ActiveCfg = Release|x64
		{B38C1B9C-9246-46A7-85EB-2868B0C80BA0}.Release|x64.ActiveCfg = Release|x64
		{B38C1B9C-9246-46A7-85EB-2868B0C80BA0}.Release|x64.Build.0 = Release|x64
		{B38C1B9C-9246-46A7-85EB-2868B0C80BA0}.Release|x86.ActiveCfg = Release|x64
		{B38C1B9C-9246-46A7-85EB-2868B0C80BA0}.ReleaseD|Any CPU.ActiveCfg = ReleaseD|x64
		{B38C1B9C-9246-46A7-85EB-2868B0C80BA0}.ReleaseD|x64.ActiveCfg = ReleaseD|x64
		{B38C1B9C-9246-46A7-85EB-2868B0C80BA0}.ReleaseD|x64.Build.0 = ReleaseD|x64
		{B38C1B9C-9246-46A7-85EB-2868B0C80BA0}.ReleaseD|x86.ActiveCfg = ReleaseD|x64
		{722990BE-125F-47EB-9725-50300673C8D1}.Debug|Any CPU.ActiveCfg = Debug|Win32
		{722990BE-125F-47EB-9725-50300673C8D1}.Debug|x64.ActiveCfg = Debug|x64
		{722990BE-125F-47EB-9725-50300673C8D1}.Debug|x64.Build.0 = Debug|x64
		{722990BE-125F-47EB-9725-50300673C8D1}.Debug|x86.ActiveCfg = Debug|Win32
		{722990BE-125F-47EB-9725-50300673C8D1}.Debug|x86.Build.0 = Debug|Win32
		{722990BE-125F-47EB-9725-50300673C8D1}.Release|Any CPU.ActiveCfg = Release|Win32
		{722990BE-125F-47EB-9725-50300673C8D1}.Release|x64.ActiveCfg = Release|Win32
		{722990BE-125F-47EB-9725-50300673C8D1}.Release|x86.ActiveCfg = Release|Win32
		{722990BE-125F-47EB-9725-50300673C8D1}.Release|x86.Build.0 = Release|Win32
		{722990BE-125F-47EB-9725-50300673C8D1}.ReleaseD|Any CPU.ActiveCfg = ReleaseD|Win32
		{722990BE-125F-47EB-9725-50300673C8D1}.ReleaseD|x64.ActiveCfg = ReleaseD|Win32
		{722990BE-125F-47EB-9725-50300673C8D1}.ReleaseD|x86.ActiveCfg = ReleaseD|Win32
		{722990BE-125F-47EB-9725-50300673C8D1}.ReleaseD|x86.Build.0 = ReleaseD|Win32
		{D03B3756-4261-4C2D-B3FD-4CBB773C8AFB}.Debug|Any CPU.ActiveCfg = Debug|Win32
		{D03B3756-4261-4C2D-B3FD-4CBB773C8AFB}.Debug|x64.ActiveCfg = Debug|x64
		{D03B3756-4261-4C2D-B3FD-4CBB773C8AFB}.Debug|x64.Build.0 = Debug|x64
		{D03B3756-4261-4C2D-B3FD-4CBB773C8AFB}.Debug|x86.ActiveCfg = Debug|Win32
		{D03B3756-4261-4C2D-B3FD-4CBB773C8AFB}.Debug|x86.Build.0 = Debug|Win32
		{D03B3756-4261-4C2D-B3FD-4CBB773C8AFB}.Release|Any CPU.ActiveCfg = Release|Win32
		{D03B3756-4261-4C2D-B3FD-4CBB773C8AFB}.Release|x64.ActiveCfg = Release|Win32
		{D03B3756-4261-4C2D-B3FD-4CBB773C8AFB}.Release|x86.ActiveCfg = Release|Win32
		{D03B3756-4261-4C2D-B3FD-4CBB773C8AFB}.Release|x86.Build.0 = Release|Win32
		{D03B3756-4261-4C2D-B3FD-4CBB773C8AFB}.ReleaseD|Any CPU.ActiveCfg = ReleaseD|Win32
		{D03B3756-4261-4C2D-B3FD-4CBB773C8AFB}.ReleaseD|x64.ActiveCfg = ReleaseD|Win32
		{D03B3756-4261-4C2D-B3FD-4CBB773C8AFB}.ReleaseD|x86.ActiveCfg = ReleaseD|Win32
		{D03B3756-4261-4C2D-B3FD-4CBB773C8AFB}.ReleaseD|x86.Build.0 = ReleaseD|Win32
		{F01A57B0-0674-4762-A64A-2AAD7DC88CD8}.Debug|Any CPU.ActiveCfg = Debug|Win32
		{F01A57B0-0674-4762-A64A-2AAD7DC88CD8}.Debug|x64.ActiveCfg = Debug|x64
		{F01A57B0-0674-4762-A64A-2AAD7DC88CD8}.Debug|x64.Build.0 = Debug|x64
		{F01A57B0-0674-4762-A64A-2AAD7DC88CD8}.Debug|x86.ActiveCfg = Debug|Win32
		{F01A57B0-0674-4762-A64A-2AAD7DC88CD8}.Debug|x86.Build.0 = Debug|Win32
		{F01A57B0-0674-4762-A64A-2AAD7DC88CD8}.Release|Any CPU.ActiveCfg = Release|Win32
		{F01A57B0-0674-4762-A64A-2AAD7DC88CD8}.Release|x64.ActiveCfg = Release|Win32
		{F01A57B0-0674-4762-A64A-2AAD7DC88CD8}.Release|x86.ActiveCfg = Release|Win32
		{F01A57B0-0674-4762-A64A-2AAD7DC88CD8}.Release|x86.Build.0 = Release|Win32
		{F01A57B0-0674-4762-A64A-2AAD7DC88CD8}.ReleaseD|Any CPU.ActiveCfg = ReleaseD|Win32
		{F01A57B0-0674-4762-A64A-2AAD7DC88CD8}.ReleaseD|x64.ActiveCfg = ReleaseD|Win32
		{F01A57B0-0674-4762-A64A-2AAD7DC88CD8}.ReleaseD|x86.ActiveCfg = ReleaseD|Win32
		{F01A57B0-0674-4762-A64A-2AAD7DC88CD8}.ReleaseD|x86.Build.0 = ReleaseD|Win32
		{260B6FE8-2AEA-4B7D-A9CF-A8E3B4EAB21C}.Debug|Any CPU.ActiveCfg = Debug|Win32
		{260B6FE8-2AEA-4B7D-A9CF-A8E3B4EAB21C}.Debug|x64.ActiveCfg = Debug|x64
		{260B6FE8-2AEA-4B7D-A9CF-A8E3B4EAB21C}.Debug|x64.Build.0 = Debug|x64
		{260B6FE8-2AEA-4B7D-A9CF-A8E3B4EAB21C}.Debug|x86.ActiveCfg = Debug|Win32
		{260B6FE8-2AEA-4B7D-A9CF-A8E3B4EAB21C}.Debug|x86.Build.0 = Debug|Win32
		{260B6FE8-2AEA-4B7D-A9CF-A8E3B4EAB21C}.Release|Any CPU.ActiveCfg = Release|Win32
		{260B6FE8-2AEA-4B7D-A9CF-A8E3B4EAB21C}.Release|x64.ActiveCfg = Release|Win32
		{260B6FE8-2AEA-4B7D-A9CF-A8E3B4EAB21C}.Release|x86.ActiveCfg = Release|Win32
		{260B6FE8-2AEA-4B7D-A9CF-A8E3B4EAB21C}.Release|x86.Build.0 = Release|Win32
		{260B6FE8-2AEA-4B7D-A9CF-A8E3B4EAB21C}.ReleaseD|Any CPU.ActiveCfg = ReleaseD|Win32
		{260B6FE8-2AEA-4B7D-A9CF-A8E3B4EAB21C}.ReleaseD|x64.ActiveCfg = ReleaseD|Win32
		{260B6FE8-2AEA-4B7D-A9CF-A8E3B4EAB21C}.ReleaseD|x86.ActiveCfg = ReleaseD|Win32
		{260B6FE8-2AEA-4B7D-A9CF-A8E3B4EAB21C}.ReleaseD|x86.Build.0 = ReleaseD|Win32
		{78CF7911-62A0-44BE-8980-360D49CBD550}.Debug|Any CPU.ActiveCfg = Debug|Win32
		{78CF7911-62A0-44BE-8980-360D49CBD550}.Debug|x64.ActiveCfg = Debug|x64
		{78CF7911-62A0-44BE-8980-360D49CBD550}.Debug|x64.Build.0 = Debug|x64
		{78CF7911-62A0-44BE-8980-360D49CBD550}.Debug|x86.ActiveCfg = Debug|Win32
		{78CF7911-62A0-44BE-8980-360D49CBD550}.Debug|x86.Build.0 = Debug|Win32
		{78CF7911-62A0-44BE-8980-360D49CBD550}.Release|Any CPU.ActiveCfg = Release|Win32
		{78CF7911-62A0-44BE-8980-360D49CBD550}.Release|x64.ActiveCfg = Release|Win32
		{78CF7911-62A0-44BE-8980-360D49CBD550}.Release|x86.ActiveCfg = Release|Win32
		{78CF7911-62A0-44BE-8980-360D49CBD550}.Release|x86.Build.0 = Release|Win32
		{78CF7911-62A0-44BE-8980-360D49CBD550}.ReleaseD|Any CPU.ActiveCfg = ReleaseD|Win32
		{78CF7911-62A0-44BE-8980-360D49CBD550}.ReleaseD|x64.ActiveCfg = ReleaseD|Win32
		{78CF7911-62A0-44BE-8980-360D49CBD550}.ReleaseD|x86.ActiveCfg = ReleaseD|Win32
		{78CF7911-62A0-44BE-8980-360D49CBD550}.ReleaseD|x86.Build.0 = ReleaseD|Win32
		{04FD55EF-AFC2-496F-8470-45D4E97238D1}.Debug|Any CPU.ActiveCfg = Debug|Win32
		{04FD55EF-AFC2-496F-8470-45D4E97238D1}.Debug|x64.ActiveCfg = Debug|x64
		{04FD55EF-AFC2-496F-8470-45D4E97238D1}.Debug|x64.Build.0 = Debug|x64
		{04FD55EF-AFC2-496F-8470-45D4E97238D1}.Debug|x86.ActiveCfg = Debug|Win32
		{04FD55EF-AFC2-496F-8470-45D4E97238D1}.Debug|x86.Build.0 = Debug|Win32
		{04FD55EF-AFC2-496F-8470-45D4E97238D1}.Release|Any CPU.ActiveCfg = Release|Win32
		{04FD55EF-AFC2-496F-8470-45D4E97238D1}.Release|x64.ActiveCfg = Release|Win32
		{04FD55EF-AFC2-496F-8470-45D4E97238D1}.Release|x86.ActiveCfg = Release|Win32
		{04FD55EF-AFC2-496F-8470-45D4E97238D1}.Release|x86.Build.0 = Release|Win32
		{04FD55EF-AFC2-496F-8470-45D4E97238D1}.ReleaseD|Any CPU.ActiveCfg = ReleaseD|Win32
		{04FD55EF-AFC2-496F-8470-45D4E97238D1}.ReleaseD|x64.ActiveCfg = ReleaseD|Win32
		{04FD55EF-AFC2-496F-8470-45D4E97238D1}.ReleaseD|x86.ActiveCfg = ReleaseD|Win32
		{04FD55EF-AFC2-496F-8470-45D4E97238D1}.ReleaseD|x86.Build.0 = ReleaseD|Win32
		{C7A07411-5A4D-4569-BFFE-7C6626D7892A}.Debug|Any CPU.ActiveCfg = Debug|Win32
		{C7A07411-5A4D-4569-BFFE-7C6626D7892A}.Debug|x64.ActiveCfg = Debug|x64
		{C7A07411-5A4D-4569-BFFE-7C6626D7892A}.Debug|x64.Build.0 = Debug|x64
		{C7A07411-5A4D-4569-BFFE-7C6626D7892A}.Debug|x86.ActiveCfg = Debug|Win32
		{C7A07411-5A4D-4569-BFFE-7C6626D7892A}.Debug|x86.Build.0 = Debug|Win32
		{C7A07411-5A4D-4569-BFFE-7C6626D7892A}.Release|Any CPU.ActiveCfg = Release|Win32
		{C7A07411-5A4D-4569-BFFE-7C6626D7892A}.Release|x64.ActiveCfg = Release|Win32
		{C7A07411-5A4D-4569-BFFE-7C6626D7892A}.Release|x86.ActiveCfg = Release|Win32
		{C7A07411-5A4D-4569-BFFE-7C6626D7892A}.Release|x86.Build.0 = Release|Win32
		{C7A07411-5A4D-4569-BFFE-7C6626D7892A}.ReleaseD|Any CPU.ActiveCfg = ReleaseD|Win32
		{C7A07411-5A4D-4569-BFFE-7C6626D7892A}.ReleaseD|x64.ActiveCfg = ReleaseD|Win32
		{C7A07411-5A4D-4569-BFFE-7C6626D7892A}.ReleaseD|x86.ActiveCfg = ReleaseD|Win32
		{C7A07411-5A4D-4569-BFFE-7C6626D7892A}.ReleaseD|x86.Build.0 = ReleaseD|Win32
		{845774B3-ED9F-410C-8B5A-DCA705BD889B}.Debug|Any CPU.ActiveCfg = Debug|Win32
		{845774B3-ED9F-410C-8B5A-DCA705BD889B}.Debug|x64.ActiveCfg = Debug|x64
		{845774B3-ED9F-410C-8B5A-DCA705BD889B}.Debug|x64.Build.0 = Debug|x64
		{845774B3-ED9F-410C-8B5A-DCA705BD889B}.Debug|x86.ActiveCfg = Debug|Win32
		{845774B3-ED9F-410C-8B5A-DCA705BD889B}.Debug|x86.Build.0 = Debug|Win32
		{845774B3-ED9F-410C-8B5A-DCA705BD889B}.Release|Any CPU.ActiveCfg = Release|Win32
		{845774B3-ED9F-410C-8B5A-DCA705BD889B}.Release|x64.ActiveCfg = Release|Win32
		{845774B3-ED9F-410C-8B5A-DCA705BD889B}.Release|x86.ActiveCfg = Release|Win32
		{845774B3-ED9F-410C-8B5A-DCA705BD889B}.Release|x86.Build.0 = Release|Win32
		{845774B3-ED9F-410C-8B5A-DCA705BD889B}.ReleaseD|Any CPU.ActiveCfg = ReleaseD|Win32
		{845774B3-ED9F-410C-8B5A-DCA705BD889B}.ReleaseD|x64.ActiveCfg = ReleaseD|Win32
		{845774B3-ED9F-410C-8B5A-DCA705BD889B}.ReleaseD|x86.ActiveCfg = ReleaseD|Win32
		{845774B3-ED9F-410C-8B5A-DCA705BD889B}.ReleaseD|x86.Build.0 = ReleaseD|Win32
		{B9CC490E-05B6-4E8B-B60B-3C6E669606F1}.Debug|Any CPU.ActiveCfg = Debug|Win32
		{B9CC490E-05B6-4E8B-B60B-3C6E669606F1}.Debug|x64.ActiveCfg = Debug|x64
		{B9CC490E-05B6-4E8B-B60B-3C6E669606F1}.Debug|x64.Build.0 = Debug|x64
		{B9CC490E-05B6-4E8B-B60B-3C6E669606F1}.Debug|x86.ActiveCfg = Debug|Win32
		{B9CC490E-05B6-4E8B-B60B-3C6E669606F1}.Debug|x86.Build.0 = Debug|Win32
		{B9CC490E-05B6-4E8B-B60B-3C6E669606F1}.Release|Any CPU.ActiveCfg = Release|Win32
		{B9CC490E-05B6-4E8B-B60B-3C6E669606F1}.Release|x64.ActiveCfg = Release|Win32
		{B9CC490E-05B6-4E8B-B60B-3C6E669606F1}.Release|x86.ActiveCfg = Release|Win32
		{B9CC490E-05B6-4E8B-B60B-3C6E669606F1}.Release|x86.Build.0 = Release|Win32
		{B9CC490E-05B6-4E8B-B60B-3C6E669606F1}.ReleaseD|Any CPU.ActiveCfg = ReleaseD|Win32
		{B9CC490E-05B6-4E8B-B60B-3C6E669606F1}.ReleaseD|x64.ActiveCfg = ReleaseD|Win32
		{B9CC490E-05B6-4E8B-B60B-3C6E669606F1}.ReleaseD|x86.ActiveCfg = ReleaseD|Win32
		{B9CC490E-05B6-4E8B-B60B-3C6E669606F1}.ReleaseD|x86.Build.0 = ReleaseD|Win32
		{604D9DDF-8436-4A49-8800-64659C7C25FC}.Debug|Any CPU.ActiveCfg = Debug|Win32
		{604D9DDF-8436-4A49-8800-64659C7C25FC}.Debug|x64.ActiveCfg = Debug|x64
		{604D9DDF-8436-4A49-8800-64659C7C25FC}.Debug|x64.Build.0 = Debug|x64
		{604D9DDF-8436-4A49-8800-64659C7C25FC}.Debug|x86.ActiveCfg = Debug|Win32
		{604D9DDF-8436-4A49-8800-64659C7C25FC}.Debug|x86.Build.0 = Debug|Win32
		{604D9DDF-8436-4A49-8800-64659C7C25FC}.Release|Any CPU.ActiveCfg = Release|Win32
		{604D9DDF-8436-4A49-8800-64659C7C25FC}.Release|x64.ActiveCfg = Release|Win32
		{604D9DDF-8436-4A49-8800-64659C7C25FC}.Release|x86.ActiveCfg = Release|Win32
		{604D9DDF-8436-4A49-8800-64659C7C25FC}.Release|x86.Build.0 = Release|Win32
		{604D9DDF-8436-4A49-8800-64659C7C25FC}.ReleaseD|Any CPU.ActiveCfg = ReleaseD|Win32
		{604D9DDF-8436-4A49-8800-64659C7C25FC}.ReleaseD|x64.ActiveCfg = ReleaseD|Win32
		{604D9DDF-8436-4A49-8800-64659C7C25FC}.ReleaseD|x86.ActiveCfg = ReleaseD|Win32
		{604D9DDF-8436-4A49-8800-64659C7C25FC}.ReleaseD|x86.Build.0 = ReleaseD|Win32
		{8D0040C3-0FEA-4536-AC3D-CA4FA12664C7}.Debug|Any CPU.ActiveCfg = Debug|Win32
		{8D0040C3-0FEA-4536-AC3D-CA4FA12664C7}.Debug|x64.ActiveCfg = Debug|x64
		{8D0040C3-0FEA-4536-AC3D-CA4FA12664C7}.Debug|x64.Build.0 = Debug|x64
		{8D0040C3-0FEA-4536-AC3D-CA4FA12664C7}.Debug|x86.ActiveCfg = Debug|Win32
		{8D0040C3-0FEA-4536-AC3D-CA4FA12664C7}.Debug|x86.Build.0 = Debug|Win32
		{8D0040C3-0FEA-4536-AC3D-CA4FA12664C7}.Release|Any CPU.ActiveCfg = Release|Win32
		{8D0040C3-0FEA-4536-AC3D-CA4FA12664C7}.Release|x64.ActiveCfg = Release|Win32
		{8D0040C3-0FEA-4536-AC3D-CA4FA12664C7}.Release|x86.ActiveCfg = Release|Win32
		{8D0040C3-0FEA-4536-AC3D-CA4FA12664C7}.Release|x86.Build.0 = Release|Win32
		{8D0040C3-0FEA-4536-AC3D-CA4FA12664C7}.ReleaseD|Any CPU.ActiveCfg = ReleaseD|Win32
		{8D0040C3-0FEA-4536-AC3D-CA4FA12664C7}.ReleaseD|x64.ActiveCfg = ReleaseD|Win32
		{8D0040C3-0FEA-4536-AC3D-CA4FA12664C7}.ReleaseD|x86.ActiveCfg = ReleaseD|Win32
		{8D0040C3-0FEA-4536-AC3D-CA4FA12664C7}.ReleaseD|x86.Build.0 = ReleaseD|Win32
		{3F9DC62B-3C41-4C2C-80BF-C917A16CCF88}.Debug|Any CPU.ActiveCfg = Debug|Win32
		{3F9DC62B-3C41-4C2C-80BF-C917A16CCF88}.Debug|x64.ActiveCfg = Debug|x64
		{3F9DC62B-3C41-4C2C-80BF-C917A16CCF88}.Debug|x64.Build.0 = Debug|x64
		{3F9DC62B-3C41-4C2C-80BF-C917A16CCF88}.Debug|x86.ActiveCfg = Debug|Win32
		{3F9DC62B-3C41-4C2C-80BF-C917A16CCF88}.Debug|x86.Build.0 = Debug|Win32
		{3F9DC62B-3C41-4C2C-80BF-C917A16CCF88}.Release|Any CPU.ActiveCfg = Release|Win32
		{3F9DC62B-3C41-4C2C-80BF-C917A16CCF88}.Release|x64.ActiveCfg = Release|Win32
		{3F9DC62B-3C41-4C2C-80BF-C917A16CCF88}.Release|x86.ActiveCfg = Release|Win32
		{3F9DC62B-3C41-4C2C-80BF-C917A16CCF88}.Release|x86.Build.0 = Release|Win32
		{3F9DC62B-3C41-4C2C-80BF-C917A16CCF88}.ReleaseD|Any CPU.ActiveCfg = Release|x64
		{3F9DC62B-3C41-4C2C-80BF-C917A16CCF88}.ReleaseD|Any CPU.Build.0 = Release|x64
		{3F9DC62B-3C41-4C2C-80BF-C917A16CCF88}.ReleaseD|x64.ActiveCfg = Release|Win32
		{3F9DC62B-3C41-4C2C-80BF-C917A16CCF88}.ReleaseD|x64.Build.0 = Release|Win32
		{3F9DC62B-3C41-4C2C-80BF-C917A16CCF88}.ReleaseD|x86.ActiveCfg = Release|Win32
		{3F9DC62B-3C41-4C2C-80BF-C917A16CCF88}.ReleaseD|x86.Build.0 = Release|Win32
		{C679A7A0-F554-4FDA-946B-3A7A2203C518}.Debug|Any CPU.ActiveCfg = Debug|Win32
		{C679A7A0-F554-4FDA-946B-3A7A2203C518}.Debug|x64.ActiveCfg = Debug|x64
		{C679A7A0-F554-4FDA-946B-3A7A2203C518}.Debug|x64.Build.0 = Debug|x64
		{C679A7A0-F554-4FDA-946B-3A7A2203C518}.Debug|x86.ActiveCfg = Debug|Win32
		{C679A7A0-F554-4FDA-946B-3A7A2203C518}.Debug|x86.Build.0 = Debug|Win32
		{C679A7A0-F554-4FDA-946B-3A7A2203C518}.Release|Any CPU.ActiveCfg = Release|Win32
		{C679A7A0-F554-4FDA-946B-3A7A2203C518}.Release|x64.ActiveCfg = Release|Win32
		{C679A7A0-F554-4FDA-946B-3A7A2203C518}.Release|x86.ActiveCfg = Release|Win32
		{C679A7A0-F554-4FDA-946B-3A7A2203C518}.Release|x86.Build.0 = Release|Win32
		{C679A7A0-F554-4FDA-946B-3A7A2203C518}.ReleaseD|Any CPU.ActiveCfg = ReleaseD|Win32
		{C679A7A0-F554-4FDA-946B-3A7A2203C518}.ReleaseD|x64.ActiveCfg = ReleaseD|Win32
		{C679A7A0-F554-4FDA-946B-3A7A2203C518}.ReleaseD|x86.ActiveCfg = ReleaseD|Win32
		{C679A7A0-F554-4FDA-946B-3A7A2203C518}.ReleaseD|x86.Build.0 = ReleaseD|Win32
		{1BDB01EE-98B5-40A5-B284-8ADFBC6FB3C8}.Debug|Any CPU.ActiveCfg = Debug|Win32
		{1BDB01EE-98B5-40A5-B284-8ADFBC6FB3C8}.Debug|x64.ActiveCfg = Debug|x64
		{1BDB01EE-98B5-40A5-B284-8ADFBC6FB3C8}.Debug|x64.Build.0 = Debug|x64
		{1BDB01EE-98B5-40A5-B284-8ADFBC6FB3C8}.Debug|x86.ActiveCfg = Debug|Win32
		{1BDB01EE-98B5-40A5-B284-8ADFBC6FB3C8}.Debug|x86.Build.0 = Debug|Win32
		{1BDB01EE-98B5-40A5-B284-8ADFBC6FB3C8}.Release|Any CPU.ActiveCfg = Release|Win32
		{1BDB01EE-98B5-40A5-B284-8ADFBC6FB3C8}.Release|x64.ActiveCfg = Release|x64
		{1BDB01EE-98B5-40A5-B284-8ADFBC6FB3C8}.Release|x64.Build.0 = Release|x64
		{1BDB01EE-98B5-40A5-B284-8ADFBC6FB3C8}.Release|x86.ActiveCfg = Release|Win32
		{1BDB01EE-98B5-40A5-B284-8ADFBC6FB3C8}.Release|x86.Build.0 = Release|Win32
		{1BDB01EE-98B5-40A5-B284-8ADFBC6FB3C8}.ReleaseD|Any CPU.ActiveCfg = Release|Win32
		{1BDB01EE-98B5-40A5-B284-8ADFBC6FB3C8}.ReleaseD|Any CPU.Build.0 = Release|Win32
		{1BDB01EE-98B5-40A5-B284-8ADFBC6FB3C8}.ReleaseD|x64.ActiveCfg = Release|x64
		{1BDB01EE-98B5-40A5-B284-8ADFBC6FB3C8}.ReleaseD|x64.Build.0 = Release|x64
		{1BDB01EE-98B5-40A5-B284-8ADFBC6FB3C8}.ReleaseD|x86.ActiveCfg = Release|Win32
		{1BDB01EE-98B5-40A5-B284-8ADFBC6FB3C8}.ReleaseD|x86.Build.0 = Release|Win32
		{0052C33D-02A6-4D54-85E9-B1DA18476E87}.Debug|Any CPU.ActiveCfg = Debug|Win32
		{0052C33D-02A6-4D54-85E9-B1DA18476E87}.Debug|x64.ActiveCfg = Debug|x64
		{0052C33D-02A6-4D54-85E9-B1DA18476E87}.Debug|x64.Build.0 = Debug|x64
		{0052C33D-02A6-4D54-85E9-B1DA18476E87}.Debug|x86.ActiveCfg = Debug|Win32
		{0052C33D-02A6-4D54-85E9-B1DA18476E87}.Debug|x86.Build.0 = Debug|Win32
		{0052C33D-02A6-4D54-85E9-B1DA18476E87}.Release|Any CPU.ActiveCfg = Release|Win32
		{0052C33D-02A6-4D54-85E9-B1DA18476E87}.Release|x64.ActiveCfg = Release|Win32
		{0052C33D-02A6-4D54-85E9-B1DA18476E87}.Release|x86.ActiveCfg = Release|Win32
		{0052C33D-02A6-4D54-85E9-B1DA18476E87}.Release|x86.Build.0 = Release|Win32
		{0052C33D-02A6-4D54-85E9-B1DA18476E87}.ReleaseD|Any CPU.ActiveCfg = ReleaseD|Win32
		{0052C33D-02A6-4D54-85E9-B1DA18476E87}.ReleaseD|x64.ActiveCfg = ReleaseD|Win32
		{0052C33D-02A6-4D54-85E9-B1DA18476E87}.ReleaseD|x86.ActiveCfg = ReleaseD|Win32
		{0052C33D-02A6-4D54-85E9-B1DA18476E87}.ReleaseD|x86.Build.0 = ReleaseD|Win32
		{1B14B5EE-8A39-40C6-9BA4-258C762B0395}.Debug|Any CPU.ActiveCfg = Debug|Win32
		{1B14B5EE-8A39-40C6-9BA4-258C762B0395}.Debug|x64.ActiveCfg = Debug|x64
		{1B14B5EE-8A39-40C6-9BA4-258C762B0395}.Debug|x64.Build.0 = Debug|x64
		{1B14B5EE-8A39-40C6-9BA4-258C762B0395}.Debug|x86.ActiveCfg = Debug|Win32
		{1B14B5EE-8A39-40C6-9BA4-258C762B0395}.Debug|x86.Build.0 = Debug|Win32
		{1B14B5EE-8A39-40C6-9BA4-258C762B0395}.Release|Any CPU.ActiveCfg = Release|Win32
		{1B14B5EE-8A39-40C6-9BA4-258C762B0395}.Release|x64.ActiveCfg = Release|x64
		{1B14B5EE-8A39-40C6-9BA4-258C762B0395}.Release|x64.Build.0 = Release|x64
		{1B14B5EE-8A39-40C6-9BA4-258C762B0395}.Release|x86.ActiveCfg = Release|Win32
		{1B14B5EE-8A39-40C6-9BA4-258C762B0395}.Release|x86.Build.0 = Release|Win32
		{1B14B5EE-8A39-40C6-9BA4-258C762B0395}.ReleaseD|Any CPU.ActiveCfg = ReleaseD|Win32
		{1B14B5EE-8A39-40C6-9BA4-258C762B0395}.ReleaseD|x64.ActiveCfg = ReleaseD|x64
		{1B14B5EE-8A39-40C6-9BA4-258C762B0395}.ReleaseD|x64.Build.0 = ReleaseD|x64
		{1B14B5EE-8A39-40C6-9BA4-258C762B0395}.ReleaseD|x86.ActiveCfg = ReleaseD|Win32
		{1B14B5EE-8A39-40C6-9BA4-258C762B0395}.ReleaseD|x86.Build.0 = ReleaseD|Win32
		{7737E776-6BA9-47D3-8285-2F18BF7124C0}.Debug|Any CPU.ActiveCfg = Debug|Win32
		{7737E776-6BA9-47D3-8285-2F18BF7124C0}.Debug|x64.ActiveCfg = Debug|x64
		{7737E776-6BA9-47D3-8285-2F18BF7124C0}.Debug|x64.Build.0 = Debug|x64
		{7737E776-6BA9-47D3-8285-2F18BF7124C0}.Debug|x86.ActiveCfg = Debug|Win32
		{7737E776-6BA9-47D3-8285-2F18BF7124C0}.Debug|x86.Build.0 = Debug|Win32
		{7737E776-6BA9-47D3-8285-2F18BF7124C0}.Release|Any CPU.ActiveCfg = Release|Win32
		{7737E776-6BA9-47D3-8285-2F18BF7124C0}.Release|x64.ActiveCfg = Release|x64
		{7737E776-6BA9-47D3-8285-2F18BF7124C0}.Release|x64.Build.0 = Release|x64
		{7737E776-6BA9-47D3-8285-2F18BF7124C0}.Release|x86.ActiveCfg = Release|Win32
		{7737E776-6BA9-47D3-8285-2F18BF7124C0}.Release|x86.Build.0 = Release|Win32
		{7737E776-6BA9-47D3-8285-2F18BF7124C0}.ReleaseD|Any CPU.ActiveCfg = Release|Win32
		{7737E776-6BA9-47D3-8285-2F18BF7124C0}.ReleaseD|Any CPU.Build.0 = Release|Win32
		{7737E776-6BA9-47D3-8285-2F18BF7124C0}.ReleaseD|x64.ActiveCfg = Release|x64
		{7737E776-6BA9-47D3-8285-2F18BF7124C0}.ReleaseD|x64.Build.0 = Release|x64
		{7737E776-6BA9-47D3-8285-2F18BF7124C0}.ReleaseD|x86.ActiveCfg = Release|Win32
		{7737E776-6BA9-47D3-8285-2F18BF7124C0}.ReleaseD|x86.Build.0 = Release|Win32
		{C39E23B1-912A-483F-886C-1AB71B60F8D2}.Debug|Any CPU.ActiveCfg = Debug|Win32
		{C39E23B1-912A-483F-886C-1AB71B60F8D2}.Debug|x64.ActiveCfg = Debug|x64
		{C39E23B1-912A-483F-886C-1AB71B60F8D2}.Debug|x64.Build.0 = Debug|x64
		{C39E23B1-912A-483F-886C-1AB71B60F8D2}.Debug|x86.ActiveCfg = Debug|Win32
		{C39E23B1-912A-483F-886C-1AB71B60F8D2}.Debug|x86.Build.0 = Debug|Win32
		{C39E23B1-912A-483F-886C-1AB71B60F8D2}.Release|Any CPU.ActiveCfg = Release|Win32
		{C39E23B1-912A-483F-886C-1AB71B60F8D2}.Release|x64.ActiveCfg = Release|Win32
		{C39E23B1-912A-483F-886C-1AB71B60F8D2}.Release|x86.ActiveCfg = Release|Win32
		{C39E23B1-912A-483F-886C-1AB71B60F8D2}.Release|x86.Build.0 = Release|Win32
		{C39E23B1-912A-483F-886C-1AB71B60F8D2}.ReleaseD|Any CPU.ActiveCfg = ReleaseD|Win32
		{C39E23B1-912A-483F-886C-1AB71B60F8D2}.ReleaseD|x64.ActiveCfg = ReleaseD|Win32
		{C39E23B1-912A-483F-886C-1AB71B60F8D2}.ReleaseD|x86.ActiveCfg = ReleaseD|Win32
		{C39E23B1-912A-483F-886C-1AB71B60F8D2}.ReleaseD|x86.Build.0 = ReleaseD|Win32
		{10CBE159-1AEE-4488-9029-B94FD45BDBA5}.Debug|Any CPU.ActiveCfg = Debug|Win32
		{10CBE159-1AEE-4488-9029-B94FD45BDBA5}.Debug|x64.ActiveCfg = Debug|x64
		{10CBE159-1AEE-4488-9029-B94FD45BDBA5}.Debug|x64.Build.0 = Debug|x64
		{10CBE159-1AEE-4488-9029-B94FD45BDBA5}.Debug|x86.ActiveCfg = Debug|Win32
		{10CBE159-1AEE-4488-9029-B94FD45BDBA5}.Debug|x86.Build.0 = Debug|Win32
		{10CBE159-1AEE-4488-9029-B94FD45BDBA5}.Release|Any CPU.ActiveCfg = Release|Win32
		{10CBE159-1AEE-4488-9029-B94FD45BDBA5}.Release|x64.ActiveCfg = Release|Win32
		{10CBE159-1AEE-4488-9029-B94FD45BDBA5}.Release|x86.ActiveCfg = Release|Win32
		{10CBE159-1AEE-4488-9029-B94FD45BDBA5}.Release|x86.Build.0 = Release|Win32
		{10CBE159-1AEE-4488-9029-B94FD45BDBA5}.ReleaseD|Any CPU.ActiveCfg = ReleaseD|Win32
		{10CBE159-1AEE-4488-9029-B94FD45BDBA5}.ReleaseD|x64.ActiveCfg = ReleaseD|Win32
		{10CBE159-1AEE-4488-9029-B94FD45BDBA5}.ReleaseD|x86.ActiveCfg = ReleaseD|Win32
		{10CBE159-1AEE-4488-9029-B94FD45BDBA5}.ReleaseD|x86.Build.0 = ReleaseD|Win32
		{A3D29751-7405-4EF4-8FA9-3787EC471708}.Debug|Any CPU.ActiveCfg = Debug|Win32
		{A3D29751-7405-4EF4-8FA9-3787EC471708}.Debug|x64.ActiveCfg = Debug|x64
		{A3D29751-7405-4EF4-8FA9-3787EC471708}.Debug|x64.Build.0 = Debug|x64
		{A3D29751-7405-4EF4-8FA9-3787EC471708}.Debug|x86.ActiveCfg = Debug|Win32
		{A3D29751-7405-4EF4-8FA9-3787EC471708}.Debug|x86.Build.0 = Debug|Win32
		{A3D29751-7405-4EF4-8FA9-3787EC471708}.Release|Any CPU.ActiveCfg = Release|Win32
		{A3D29751-7405-4EF4-8FA9-3787EC471708}.Release|x64.ActiveCfg = Release|x64
		{A3D29751-7405-4EF4-8FA9-3787EC471708}.Release|x64.Build.0 = Release|x64
		{A3D29751-7405-4EF4-8FA9-3787EC471708}.Release|x86.ActiveCfg = Release|Win32
		{A3D29751-7405-4EF4-8FA9-3787EC471708}.Release|x86.Build.0 = Release|Win32
		{A3D29751-7405-4EF4-8FA9-3787EC471708}.ReleaseD|Any CPU.ActiveCfg = Release|x64
		{A3D29751-7405-4EF4-8FA9-3787EC471708}.ReleaseD|Any CPU.Build.0 = Release|x64
		{A3D29751-7405-4EF4-8FA9-3787EC471708}.ReleaseD|x64.ActiveCfg = Release|x64
		{A3D29751-7405-4EF4-8FA9-3787EC471708}.ReleaseD|x64.Build.0 = Release|x64
		{A3D29751-7405-4EF4-8FA9-3787EC471708}.ReleaseD|x86.ActiveCfg = Release|Win32
		{A3D29751-7405-4EF4-8FA9-3787EC471708}.ReleaseD|x86.Build.0 = Release|Win32
		{C5C76E71-77C2-4363-86CF-FFAAAB7BA720}.Debug|Any CPU.ActiveCfg = Debug|Any CPU
		{C5C76E71-77C2-4363-86CF-FFAAAB7BA720}.Debug|Any CPU.Build.0 = Debug|Any CPU
		{C5C76E71-77C2-4363-86CF-FFAAAB7BA720}.Debug|x64.ActiveCfg = Debug|Any CPU
		{C5C76E71-77C2-4363-86CF-FFAAAB7BA720}.Debug|x64.Build.0 = Debug|Any CPU
		{C5C76E71-77C2-4363-86CF-FFAAAB7BA720}.Debug|x86.ActiveCfg = Debug|Any CPU
		{C5C76E71-77C2-4363-86CF-FFAAAB7BA720}.Debug|x86.Build.0 = Debug|Any CPU
		{C5C76E71-77C2-4363-86CF-FFAAAB7BA720}.Release|Any CPU.ActiveCfg = Release|Any CPU
		{C5C76E71-77C2-4363-86CF-FFAAAB7BA720}.Release|Any CPU.Build.0 = Release|Any CPU
		{C5C76E71-77C2-4363-86CF-FFAAAB7BA720}.Release|x64.ActiveCfg = Release|Any CPU
		{C5C76E71-77C2-4363-86CF-FFAAAB7BA720}.Release|x64.Build.0 = Release|Any CPU
		{C5C76E71-77C2-4363-86CF-FFAAAB7BA720}.Release|x86.ActiveCfg = Release|Any CPU
		{C5C76E71-77C2-4363-86CF-FFAAAB7BA720}.Release|x86.Build.0 = Release|Any CPU
		{C5C76E71-77C2-4363-86CF-FFAAAB7BA720}.ReleaseD|Any CPU.ActiveCfg = Release|Any CPU
		{C5C76E71-77C2-4363-86CF-FFAAAB7BA720}.ReleaseD|Any CPU.Build.0 = Release|Any CPU
		{C5C76E71-77C2-4363-86CF-FFAAAB7BA720}.ReleaseD|x64.ActiveCfg = Release|Any CPU
		{C5C76E71-77C2-4363-86CF-FFAAAB7BA720}.ReleaseD|x64.Build.0 = Release|Any CPU
		{C5C76E71-77C2-4363-86CF-FFAAAB7BA720}.ReleaseD|x86.ActiveCfg = Release|Any CPU
		{C5C76E71-77C2-4363-86CF-FFAAAB7BA720}.ReleaseD|x86.Build.0 = Release|Any CPU
	EndGlobalSection
	GlobalSection(SolutionProperties) = preSolution
		HideSolutionNode = FALSE
	EndGlobalSection
	GlobalSection(NestedProjects) = preSolution
		{0052C33D-02A6-4D54-85E9-B1DA18476E87} = {3989D6AE-A777-491A-9EF3-D53F758DEAAC}
		{10CBE159-1AEE-4488-9029-B94FD45BDBA5} = {3989D6AE-A777-491A-9EF3-D53F758DEAAC}
	EndGlobalSection
EndGlobal
