
Microsoft Visual Studio Solution File, Format Version 12.00
# Visual Studio 14
VisualStudioVersion = 14.0.24720.0
MinimumVisualStudioVersion = 10.0.40219.1
Project("{8BC9CEB8-8B4A-11D0-8D11-00A0C91BC942}") = "ch_1_server", "ch_1_server\ch_1_server.vcxproj", "{BF29EE8B-A036-4EE9-B7A6-AE42D8579D88}"
EndProject
Project("{8BC9CEB8-8B4A-11D0-8D11-00A0C91BC942}") = "ch_1_client", "ch_1_client\ch_1_client.vcxproj", "{E817AEA5-0029-4AE6-A3E5-882F74386157}"
EndProject
Project("{8BC9CEB8-8B4A-11D0-8D11-00A0C91BC942}") = "ch_2_server", "ch2_server\ch2_server.vcxproj", "{539D0A07-F747-4E39-A40F-D418CE8174BA}"
EndProject
Project("{8BC9CEB8-8B4A-11D0-8D11-00A0C91BC942}") = "ch4_task", "ch4_task\ch4_task.vcxproj", "{6778F03F-61BC-4AFD-8FFB-6DAAB7E90ADD}"
EndProject
Project("{8BC9CEB8-8B4A-11D0-8D11-00A0C91BC942}") = "ch5_reactor", "ch5_server\ch5_server.vcxproj", "{68D12D25-E315-4205-9ECD-E3EC70D6270E}"
EndProject
Project("{8BC9CEB8-8B4A-11D0-8D11-00A0C91BC942}") = "ch6_proactor", "ch6_server\ch6_server.vcxproj", "{2547012C-31B4-4ACF-B693-9D2961C8489F}"
EndProject
Project("{8BC9CEB8-8B4A-11D0-8D11-00A0C91BC942}") = "ch7_stream", "ch7_stream\ch7_stream.vcxproj", "{9276B01E-46A7-4CAA-AC21-EA06D85EC548}"
EndProject
Project("{8BC9CEB8-8B4A-11D0-8D11-00A0C91BC942}") = "ch4_active_object", "ch4_active_object\ch4_active_object.vcxproj", "{0F1CA71A-FB6C-4CB5-9DCC-6E0EF21E6E48}"
EndProject
Project("{8BC9CEB8-8B4A-11D0-8D11-00A0C91BC942}") = "logger", "logger\logger.vcxproj", "{7D2172CE-88C0-41D0-B7D0-ECF8A70C94BD}"
	ProjectSection(ProjectDependencies) = postProject
		{88CDC8C0-5B8B-4CDA-A373-FFFA264D43C6} = {88CDC8C0-5B8B-4CDA-A373-FFFA264D43C6}
	EndProjectSection
EndProject
Project("{8BC9CEB8-8B4A-11D0-8D11-00A0C91BC942}") = "share", "share\share.vcxproj", "{88CDC8C0-5B8B-4CDA-A373-FFFA264D43C6}"
EndProject
Project("{8BC9CEB8-8B4A-11D0-8D11-00A0C91BC942}") = "SimpleXML", "simplexml\SimpleXML.vcxproj", "{B38C1B9C-9246-46A7-85EB-2868B0C80BA0}"
EndProject
Project("{8BC9CEB8-8B4A-11D0-8D11-00A0C91BC942}") = "logger_test", "logger_test\logger_test.vcxproj", "{1B14B5EE-8A39-40C6-9BA4-258C762B0395}"
EndProject
Project("{8BC9CEB8-8B4A-11D0-8D11-00A0C91BC942}") = "LoggerServer", "LoggerServer\log_collect.vcxproj", "{38F41E0A-1064-4B99-87DE-67058D3B8D79}"
EndProject
Project("{8BC9CEB8-8B4A-11D0-8D11-00A0C91BC942}") = "netcore", "netcore\netcore.vcxproj", "{722990BE-125F-47EB-9725-50300673C8D1}"
EndProject
Global
	GlobalSection(SolutionConfigurationPlatforms) = preSolution
		Debug|x64 = Debug|x64
		Debug|x86 = Debug|x86
		Release|x64 = Release|x64
		Release|x86 = Release|x86
		ReleaseD|x64 = ReleaseD|x64
		ReleaseD|x86 = ReleaseD|x86
	EndGlobalSection
	GlobalSection(ProjectConfigurationPlatforms) = postSolution
		{BF29EE8B-A036-4EE9-B7A6-AE42D8579D88}.Debug|x64.ActiveCfg = Debug|x64
		{BF29EE8B-A036-4EE9-B7A6-AE42D8579D88}.Debug|x64.Build.0 = Debug|x64
		{BF29EE8B-A036-4EE9-B7A6-AE42D8579D88}.Debug|x86.ActiveCfg = Debug|Win32
		{BF29EE8B-A036-4EE9-B7A6-AE42D8579D88}.Debug|x86.Build.0 = Debug|Win32
		{BF29EE8B-A036-4EE9-B7A6-AE42D8579D88}.Release|x64.ActiveCfg = Release|x64
		{BF29EE8B-A036-4EE9-B7A6-AE42D8579D88}.Release|x64.Build.0 = Release|x64
		{BF29EE8B-A036-4EE9-B7A6-AE42D8579D88}.Release|x86.ActiveCfg = Release|Win32
		{BF29EE8B-A036-4EE9-B7A6-AE42D8579D88}.Release|x86.Build.0 = Release|Win32
		{BF29EE8B-A036-4EE9-B7A6-AE42D8579D88}.ReleaseD|x64.ActiveCfg = Release|x64
		{BF29EE8B-A036-4EE9-B7A6-AE42D8579D88}.ReleaseD|x64.Build.0 = Release|x64
		{BF29EE8B-A036-4EE9-B7A6-AE42D8579D88}.ReleaseD|x86.ActiveCfg = Release|Win32
		{BF29EE8B-A036-4EE9-B7A6-AE42D8579D88}.ReleaseD|x86.Build.0 = Release|Win32
		{E817AEA5-0029-4AE6-A3E5-882F74386157}.Debug|x64.ActiveCfg = Debug|x64
		{E817AEA5-0029-4AE6-A3E5-882F74386157}.Debug|x64.Build.0 = Debug|x64
		{E817AEA5-0029-4AE6-A3E5-882F74386157}.Debug|x86.ActiveCfg = Debug|Win32
		{E817AEA5-0029-4AE6-A3E5-882F74386157}.Debug|x86.Build.0 = Debug|Win32
		{E817AEA5-0029-4AE6-A3E5-882F74386157}.Release|x64.ActiveCfg = Release|x64
		{E817AEA5-0029-4AE6-A3E5-882F74386157}.Release|x64.Build.0 = Release|x64
		{E817AEA5-0029-4AE6-A3E5-882F74386157}.Release|x86.ActiveCfg = Release|Win32
		{E817AEA5-0029-4AE6-A3E5-882F74386157}.Release|x86.Build.0 = Release|Win32
		{E817AEA5-0029-4AE6-A3E5-882F74386157}.ReleaseD|x64.ActiveCfg = Release|x64
		{E817AEA5-0029-4AE6-A3E5-882F74386157}.ReleaseD|x64.Build.0 = Release|x64
		{E817AEA5-0029-4AE6-A3E5-882F74386157}.ReleaseD|x86.ActiveCfg = Release|Win32
		{E817AEA5-0029-4AE6-A3E5-882F74386157}.ReleaseD|x86.Build.0 = Release|Win32
		{539D0A07-F747-4E39-A40F-D418CE8174BA}.Debug|x64.ActiveCfg = Debug|x64
		{539D0A07-F747-4E39-A40F-D418CE8174BA}.Debug|x64.Build.0 = Debug|x64
		{539D0A07-F747-4E39-A40F-D418CE8174BA}.Debug|x86.ActiveCfg = Debug|Win32
		{539D0A07-F747-4E39-A40F-D418CE8174BA}.Debug|x86.Build.0 = Debug|Win32
		{539D0A07-F747-4E39-A40F-D418CE8174BA}.Release|x64.ActiveCfg = Release|x64
		{539D0A07-F747-4E39-A40F-D418CE8174BA}.Release|x64.Build.0 = Release|x64
		{539D0A07-F747-4E39-A40F-D418CE8174BA}.Release|x86.ActiveCfg = Release|Win32
		{539D0A07-F747-4E39-A40F-D418CE8174BA}.Release|x86.Build.0 = Release|Win32
		{539D0A07-F747-4E39-A40F-D418CE8174BA}.ReleaseD|x64.ActiveCfg = Release|x64
		{539D0A07-F747-4E39-A40F-D418CE8174BA}.ReleaseD|x64.Build.0 = Release|x64
		{539D0A07-F747-4E39-A40F-D418CE8174BA}.ReleaseD|x86.ActiveCfg = Release|Win32
		{539D0A07-F747-4E39-A40F-D418CE8174BA}.ReleaseD|x86.Build.0 = Release|Win32
		{6778F03F-61BC-4AFD-8FFB-6DAAB7E90ADD}.Debug|x64.ActiveCfg = Debug|x64
		{6778F03F-61BC-4AFD-8FFB-6DAAB7E90ADD}.Debug|x64.Build.0 = Debug|x64
		{6778F03F-61BC-4AFD-8FFB-6DAAB7E90ADD}.Debug|x86.ActiveCfg = Debug|Win32
		{6778F03F-61BC-4AFD-8FFB-6DAAB7E90ADD}.Debug|x86.Build.0 = Debug|Win32
		{6778F03F-61BC-4AFD-8FFB-6DAAB7E90ADD}.Release|x64.ActiveCfg = Release|x64
		{6778F03F-61BC-4AFD-8FFB-6DAAB7E90ADD}.Release|x64.Build.0 = Release|x64
		{6778F03F-61BC-4AFD-8FFB-6DAAB7E90ADD}.Release|x86.ActiveCfg = Release|Win32
		{6778F03F-61BC-4AFD-8FFB-6DAAB7E90ADD}.Release|x86.Build.0 = Release|Win32
		{6778F03F-61BC-4AFD-8FFB-6DAAB7E90ADD}.ReleaseD|x64.ActiveCfg = Release|x64
		{6778F03F-61BC-4AFD-8FFB-6DAAB7E90ADD}.ReleaseD|x64.Build.0 = Release|x64
		{6778F03F-61BC-4AFD-8FFB-6DAAB7E90ADD}.ReleaseD|x86.ActiveCfg = Release|Win32
		{6778F03F-61BC-4AFD-8FFB-6DAAB7E90ADD}.ReleaseD|x86.Build.0 = Release|Win32
		{68D12D25-E315-4205-9ECD-E3EC70D6270E}.Debug|x64.ActiveCfg = Debug|x64
		{68D12D25-E315-4205-9ECD-E3EC70D6270E}.Debug|x64.Build.0 = Debug|x64
		{68D12D25-E315-4205-9ECD-E3EC70D6270E}.Debug|x86.ActiveCfg = Debug|Win32
		{68D12D25-E315-4205-9ECD-E3EC70D6270E}.Debug|x86.Build.0 = Debug|Win32
		{68D12D25-E315-4205-9ECD-E3EC70D6270E}.Release|x64.ActiveCfg = Release|x64
		{68D12D25-E315-4205-9ECD-E3EC70D6270E}.Release|x64.Build.0 = Release|x64
		{68D12D25-E315-4205-9ECD-E3EC70D6270E}.Release|x86.ActiveCfg = Release|Win32
		{68D12D25-E315-4205-9ECD-E3EC70D6270E}.Release|x86.Build.0 = Release|Win32
		{68D12D25-E315-4205-9ECD-E3EC70D6270E}.ReleaseD|x64.ActiveCfg = Release|x64
		{68D12D25-E315-4205-9ECD-E3EC70D6270E}.ReleaseD|x64.Build.0 = Release|x64
		{68D12D25-E315-4205-9ECD-E3EC70D6270E}.ReleaseD|x86.ActiveCfg = Release|Win32
		{68D12D25-E315-4205-9ECD-E3EC70D6270E}.ReleaseD|x86.Build.0 = Release|Win32
		{2547012C-31B4-4ACF-B693-9D2961C8489F}.Debug|x64.ActiveCfg = Debug|x64
		{2547012C-31B4-4ACF-B693-9D2961C8489F}.Debug|x64.Build.0 = Debug|x64
		{2547012C-31B4-4ACF-B693-9D2961C8489F}.Debug|x86.ActiveCfg = Debug|Win32
		{2547012C-31B4-4ACF-B693-9D2961C8489F}.Debug|x86.Build.0 = Debug|Win32
		{2547012C-31B4-4ACF-B693-9D2961C8489F}.Release|x64.ActiveCfg = Release|x64
		{2547012C-31B4-4ACF-B693-9D2961C8489F}.Release|x64.Build.0 = Release|x64
		{2547012C-31B4-4ACF-B693-9D2961C8489F}.Release|x86.ActiveCfg = Release|Win32
		{2547012C-31B4-4ACF-B693-9D2961C8489F}.Release|x86.Build.0 = Release|Win32
		{2547012C-31B4-4ACF-B693-9D2961C8489F}.ReleaseD|x64.ActiveCfg = Release|x64
		{2547012C-31B4-4ACF-B693-9D2961C8489F}.ReleaseD|x64.Build.0 = Release|x64
		{2547012C-31B4-4ACF-B693-9D2961C8489F}.ReleaseD|x86.ActiveCfg = Release|Win32
		{2547012C-31B4-4ACF-B693-9D2961C8489F}.ReleaseD|x86.Build.0 = Release|Win32
		{9276B01E-46A7-4CAA-AC21-EA06D85EC548}.Debug|x64.ActiveCfg = Debug|x64
		{9276B01E-46A7-4CAA-AC21-EA06D85EC548}.Debug|x64.Build.0 = Debug|x64
		{9276B01E-46A7-4CAA-AC21-EA06D85EC548}.Debug|x86.ActiveCfg = Debug|Win32
		{9276B01E-46A7-4CAA-AC21-EA06D85EC548}.Debug|x86.Build.0 = Debug|Win32
		{9276B01E-46A7-4CAA-AC21-EA06D85EC548}.Release|x64.ActiveCfg = Release|x64
		{9276B01E-46A7-4CAA-AC21-EA06D85EC548}.Release|x64.Build.0 = Release|x64
		{9276B01E-46A7-4CAA-AC21-EA06D85EC548}.Release|x86.ActiveCfg = Release|Win32
		{9276B01E-46A7-4CAA-AC21-EA06D85EC548}.Release|x86.Build.0 = Release|Win32
		{9276B01E-46A7-4CAA-AC21-EA06D85EC548}.ReleaseD|x64.ActiveCfg = Release|x64
		{9276B01E-46A7-4CAA-AC21-EA06D85EC548}.ReleaseD|x64.Build.0 = Release|x64
		{9276B01E-46A7-4CAA-AC21-EA06D85EC548}.ReleaseD|x86.ActiveCfg = Release|Win32
		{9276B01E-46A7-4CAA-AC21-EA06D85EC548}.ReleaseD|x86.Build.0 = Release|Win32
		{0F1CA71A-FB6C-4CB5-9DCC-6E0EF21E6E48}.Debug|x64.ActiveCfg = Debug|x64
		{0F1CA71A-FB6C-4CB5-9DCC-6E0EF21E6E48}.Debug|x64.Build.0 = Debug|x64
		{0F1CA71A-FB6C-4CB5-9DCC-6E0EF21E6E48}.Debug|x86.ActiveCfg = Debug|Win32
		{0F1CA71A-FB6C-4CB5-9DCC-6E0EF21E6E48}.Debug|x86.Build.0 = Debug|Win32
		{0F1CA71A-FB6C-4CB5-9DCC-6E0EF21E6E48}.Release|x64.ActiveCfg = Release|x64
		{0F1CA71A-FB6C-4CB5-9DCC-6E0EF21E6E48}.Release|x64.Build.0 = Release|x64
		{0F1CA71A-FB6C-4CB5-9DCC-6E0EF21E6E48}.Release|x86.ActiveCfg = Release|Win32
		{0F1CA71A-FB6C-4CB5-9DCC-6E0EF21E6E48}.Release|x86.Build.0 = Release|Win32
		{0F1CA71A-FB6C-4CB5-9DCC-6E0EF21E6E48}.ReleaseD|x64.ActiveCfg = Release|x64
		{0F1CA71A-FB6C-4CB5-9DCC-6E0EF21E6E48}.ReleaseD|x64.Build.0 = Release|x64
		{0F1CA71A-FB6C-4CB5-9DCC-6E0EF21E6E48}.ReleaseD|x86.ActiveCfg = Release|Win32
		{0F1CA71A-FB6C-4CB5-9DCC-6E0EF21E6E48}.ReleaseD|x86.Build.0 = Release|Win32
		{7D2172CE-88C0-41D0-B7D0-ECF8A70C94BD}.Debug|x64.ActiveCfg = Debug|x64
		{7D2172CE-88C0-41D0-B7D0-ECF8A70C94BD}.Debug|x64.Build.0 = Debug|x64
		{7D2172CE-88C0-41D0-B7D0-ECF8A70C94BD}.Debug|x86.ActiveCfg = Debug|x64
		{7D2172CE-88C0-41D0-B7D0-ECF8A70C94BD}.Release|x64.ActiveCfg = Release|x64
		{7D2172CE-88C0-41D0-B7D0-ECF8A70C94BD}.Release|x64.Build.0 = Release|x64
		{7D2172CE-88C0-41D0-B7D0-ECF8A70C94BD}.Release|x86.ActiveCfg = Release|x64
		{7D2172CE-88C0-41D0-B7D0-ECF8A70C94BD}.ReleaseD|x64.ActiveCfg = ReleaseD|x64
		{7D2172CE-88C0-41D0-B7D0-ECF8A70C94BD}.ReleaseD|x64.Build.0 = ReleaseD|x64
		{7D2172CE-88C0-41D0-B7D0-ECF8A70C94BD}.ReleaseD|x86.ActiveCfg = ReleaseD|x64
		{88CDC8C0-5B8B-4CDA-A373-FFFA264D43C6}.Debug|x64.ActiveCfg = Debug|x64
		{88CDC8C0-5B8B-4CDA-A373-FFFA264D43C6}.Debug|x64.Build.0 = Debug|x64
		{88CDC8C0-5B8B-4CDA-A373-FFFA264D43C6}.Debug|x86.ActiveCfg = Debug|x64
		{88CDC8C0-5B8B-4CDA-A373-FFFA264D43C6}.Release|x64.ActiveCfg = Release|x64
		{88CDC8C0-5B8B-4CDA-A373-FFFA264D43C6}.Release|x64.Build.0 = Release|x64
		{88CDC8C0-5B8B-4CDA-A373-FFFA264D43C6}.Release|x86.ActiveCfg = Release|x64
		{88CDC8C0-5B8B-4CDA-A373-FFFA264D43C6}.ReleaseD|x64.ActiveCfg = ReleaseD|x64
		{88CDC8C0-5B8B-4CDA-A373-FFFA264D43C6}.ReleaseD|x64.Build.0 = ReleaseD|x64
		{88CDC8C0-5B8B-4CDA-A373-FFFA264D43C6}.ReleaseD|x86.ActiveCfg = ReleaseD|x64
		{B38C1B9C-9246-46A7-85EB-2868B0C80BA0}.Debug|x64.ActiveCfg = Debug|x64
		{B38C1B9C-9246-46A7-85EB-2868B0C80BA0}.Debug|x64.Build.0 = Debug|x64
		{B38C1B9C-9246-46A7-85EB-2868B0C80BA0}.Debug|x86.ActiveCfg = Debug|x64
		{B38C1B9C-9246-46A7-85EB-2868B0C80BA0}.Release|x64.ActiveCfg = Release|x64
		{B38C1B9C-9246-46A7-85EB-2868B0C80BA0}.Release|x64.Build.0 = Release|x64
		{B38C1B9C-9246-46A7-85EB-2868B0C80BA0}.Release|x86.ActiveCfg = Release|x64
		{B38C1B9C-9246-46A7-85EB-2868B0C80BA0}.ReleaseD|x64.ActiveCfg = ReleaseD|x64
		{B38C1B9C-9246-46A7-85EB-2868B0C80BA0}.ReleaseD|x64.Build.0 = ReleaseD|x64
		{B38C1B9C-9246-46A7-85EB-2868B0C80BA0}.ReleaseD|x86.ActiveCfg = ReleaseD|x64
		{1B14B5EE-8A39-40C6-9BA4-258C762B0395}.Debug|x64.ActiveCfg = Debug|x64
		{1B14B5EE-8A39-40C6-9BA4-258C762B0395}.Debug|x64.Build.0 = Debug|x64
		{1B14B5EE-8A39-40C6-9BA4-258C762B0395}.Debug|x86.ActiveCfg = Debug|Win32
		{1B14B5EE-8A39-40C6-9BA4-258C762B0395}.Debug|x86.Build.0 = Debug|Win32
		{1B14B5EE-8A39-40C6-9BA4-258C762B0395}.Release|x64.ActiveCfg = Release|Win32
		{1B14B5EE-8A39-40C6-9BA4-258C762B0395}.Release|x86.ActiveCfg = Release|Win32
		{1B14B5EE-8A39-40C6-9BA4-258C762B0395}.Release|x86.Build.0 = Release|Win32
		{1B14B5EE-8A39-40C6-9BA4-258C762B0395}.ReleaseD|x64.ActiveCfg = ReleaseD|Win32
		{1B14B5EE-8A39-40C6-9BA4-258C762B0395}.ReleaseD|x86.ActiveCfg = ReleaseD|Win32
		{1B14B5EE-8A39-40C6-9BA4-258C762B0395}.ReleaseD|x86.Build.0 = ReleaseD|Win32
		{38F41E0A-1064-4B99-87DE-67058D3B8D79}.Debug|x64.ActiveCfg = Debug|x64
		{38F41E0A-1064-4B99-87DE-67058D3B8D79}.Debug|x64.Build.0 = Debug|x64
		{38F41E0A-1064-4B99-87DE-67058D3B8D79}.Debug|x86.ActiveCfg = Debug|Win32
		{38F41E0A-1064-4B99-87DE-67058D3B8D79}.Debug|x86.Build.0 = Debug|Win32
		{38F41E0A-1064-4B99-87DE-67058D3B8D79}.Release|x64.ActiveCfg = Release|Win32
		{38F41E0A-1064-4B99-87DE-67058D3B8D79}.Release|x86.ActiveCfg = Release|Win32
		{38F41E0A-1064-4B99-87DE-67058D3B8D79}.Release|x86.Build.0 = Release|Win32
		{38F41E0A-1064-4B99-87DE-67058D3B8D79}.ReleaseD|x64.ActiveCfg = Release|Win32
		{38F41E0A-1064-4B99-87DE-67058D3B8D79}.ReleaseD|x64.Build.0 = Release|Win32
		{38F41E0A-1064-4B99-87DE-67058D3B8D79}.ReleaseD|x86.ActiveCfg = Release|Win32
		{38F41E0A-1064-4B99-87DE-67058D3B8D79}.ReleaseD|x86.Build.0 = Release|Win32
		{722990BE-125F-47EB-9725-50300673C8D1}.Debug|x64.ActiveCfg = Debug|x64
		{722990BE-125F-47EB-9725-50300673C8D1}.Debug|x64.Build.0 = Debug|x64
		{722990BE-125F-47EB-9725-50300673C8D1}.Debug|x86.ActiveCfg = Debug|Win32
		{722990BE-125F-47EB-9725-50300673C8D1}.Debug|x86.Build.0 = Debug|Win32
		{722990BE-125F-47EB-9725-50300673C8D1}.Release|x64.ActiveCfg = Release|Win32
		{722990BE-125F-47EB-9725-50300673C8D1}.Release|x86.ActiveCfg = Release|Win32
		{722990BE-125F-47EB-9725-50300673C8D1}.Release|x86.Build.0 = Release|Win32
		{722990BE-125F-47EB-9725-50300673C8D1}.ReleaseD|x64.ActiveCfg = ReleaseD|Win32
		{722990BE-125F-47EB-9725-50300673C8D1}.ReleaseD|x86.ActiveCfg = ReleaseD|Win32
		{722990BE-125F-47EB-9725-50300673C8D1}.ReleaseD|x86.Build.0 = ReleaseD|Win32
	EndGlobalSection
	GlobalSection(SolutionProperties) = preSolution
		HideSolutionNode = FALSE
	EndGlobalSection
EndGlobal
