<?xml version="1.0" encoding="utf-8"?>
<Project ToolsVersion="4.0" xmlns="http://schemas.microsoft.com/developer/msbuild/2003">
  <ItemGroup>
    <Filter Include="inc">
      <UniqueIdentifier>{39ab1579-01b8-4013-a738-7629a65d5c82}</UniqueIdentifier>
    </Filter>
    <Filter Include="src">
      <UniqueIdentifier>{226f5e4d-4844-41bf-8954-1372e1b137e1}</UniqueIdentifier>
    </Filter>
    <Filter Include="src\netevent">
      <UniqueIdentifier>{1a0b5989-107f-4b66-84f5-5391a14d7d9f}</UniqueIdentifier>
    </Filter>
    <Filter Include="src\pool">
      <UniqueIdentifier>{fc9ea907-d695-444e-9b19-de8b614b8da7}</UniqueIdentifier>
    </Filter>
    <Filter Include="src\singleconnection">
      <UniqueIdentifier>{53971153-f33d-4729-b6e6-0cd35d74fc7a}</UniqueIdentifier>
    </Filter>
  </ItemGroup>
  <ItemGroup>
    <ClCompile Include="src\ManageNetEventNotify.cpp">
      <Filter>src\netevent</Filter>
    </ClCompile>
    <ClCompile Include="src\SingleConnection.cpp">
      <Filter>src\singleconnection</Filter>
    </ClCompile>
    <ClCompile Include="src\InputSessionPool.cpp">
      <Filter>src\pool</Filter>
    </ClCompile>
    <ClCompile Include="src\OutputSessionPool.cpp">
      <Filter>src\pool</Filter>
    </ClCompile>
    <ClCompile Include="src\SessionPoolFactory.cpp">
      <Filter>src\pool</Filter>
    </ClCompile>
    <ClCompile Include="src\SessionPoolImp.cpp">
      <Filter>src\pool</Filter>
    </ClCompile>
    <ClCompile Include="src\CellSession.cpp">
      <Filter>src</Filter>
    </ClCompile>
    <ClCompile Include="src\Session.cpp">
      <Filter>src</Filter>
    </ClCompile>
  </ItemGroup>
  <ItemGroup>
    <ClInclude Include="inc\SessionPool.h">
      <Filter>inc</Filter>
    </ClInclude>
    <ClInclude Include="inc\SessionPoolFactory.h">
      <Filter>inc</Filter>
    </ClInclude>
    <ClInclude Include="src\ManageNetEventNotify.h">
      <Filter>src\netevent</Filter>
    </ClInclude>
    <ClInclude Include="src\InputSessionPool.h">
      <Filter>src\pool</Filter>
    </ClInclude>
    <ClInclude Include="src\OutputSessionPool.h">
      <Filter>src\pool</Filter>
    </ClInclude>
    <ClInclude Include="src\SessionPoolImp.h">
      <Filter>src\pool</Filter>
    </ClInclude>
    <ClInclude Include="inc\netstream_def.h">
      <Filter>inc</Filter>
    </ClInclude>
    <ClInclude Include="inc\Session.h">
      <Filter>inc</Filter>
    </ClInclude>
    <ClInclude Include="inc\SingleConnection.h">
      <Filter>inc</Filter>
    </ClInclude>
    <ClInclude Include="src\CellSession.h">
      <Filter>src</Filter>
    </ClInclude>
  </ItemGroup>
</Project>