<?xml version="1.0" encoding="utf-8"?>
<Project ToolsVersion="4.0" xmlns="http://schemas.microsoft.com/developer/msbuild/2003">
  <ItemGroup>
    <Filter Include="src">
      <UniqueIdentifier>{43f8706b-5917-4221-a262-9b2e7b662b68}</UniqueIdentifier>
    </Filter>
  </ItemGroup>
  <ItemGroup>
    <ClCompile Include="src\ManagePlayer.cpp">
      <Filter>src</Filter>
    </ClCompile>
    <ClCompile Include="src\md5.cpp">
      <Filter>src</Filter>
    </ClCompile>
    <ClCompile Include="src\PlayerAssistant.cpp">
      <Filter>src</Filter>
    </ClCompile>
  </ItemGroup>
  <ItemGroup>
    <ClInclude Include="src\ManagePlayer.h">
      <Filter>src</Filter>
    </ClInclude>
    <ClInclude Include="src\md5.h">
      <Filter>src</Filter>
    </ClInclude>
    <ClInclude Include="src\PlayerAssistant.h">
      <Filter>src</Filter>
    </ClInclude>
    <ClInclude Include="src\ManagePlayer_def.h" />
  </ItemGroup>
  <ItemGroup>
    <None Include="src\ManagePlayer.def" />
  </ItemGroup>
</Project>