<?xml version="1.0" encoding="utf-8"?>
<Project ToolsVersion="4.0" xmlns="http://schemas.microsoft.com/developer/msbuild/2003">
  <ItemGroup>
    <Filter Include="logger">
      <UniqueIdentifier>{cac1eacb-2107-4ad7-92b1-a6fd34cdea6b}</UniqueIdentifier>
    </Filter>
    <Filter Include="threadpool">
      <UniqueIdentifier>{a0e7a10f-3fba-42b1-aee8-357e6f46f9c5}</UniqueIdentifier>
    </Filter>
  </ItemGroup>
  <ItemGroup>
    <ClCompile Include="src\main.cpp" />
    <ClCompile Include="src\testlogger.cpp">
      <Filter>logger</Filter>
    </ClCompile>
  </ItemGroup>
  <ItemGroup>
    <ClInclude Include="src\testnetcore.hpp" />
    <ClInclude Include="src\testpoo.hpp" />
    <ClInclude Include="src\testscenex.hpp" />
    <ClInclude Include="src\testlogger.h">
      <Filter>logger</Filter>
    </ClInclude>
    <ClInclude Include="src\SyncQueue.hpp">
      <Filter>threadpool</Filter>
    </ClInclude>
    <ClInclude Include="src\ThreadPool.hpp">
      <Filter>threadpool</Filter>
    </ClInclude>
    <ClInclude Include="actor.hpp" />
  </ItemGroup>
</Project>