<?xml version="1.0" encoding="utf-8"?>
<Project ToolsVersion="4.0" xmlns="http://schemas.microsoft.com/developer/msbuild/2003">
  <ItemGroup>
    <Filter Include="src">
      <UniqueIdentifier>{87fc0212-02e6-4f44-af69-5633cf470e80}</UniqueIdentifier>
    </Filter>
  </ItemGroup>
  <ItemGroup>
    <ClCompile Include="src\ManageSession.cpp">
      <Filter>src</Filter>
    </ClCompile>
    <ClCompile Include="src\GsAssistant.cpp">
      <Filter>src</Filter>
    </ClCompile>
  </ItemGroup>
  <ItemGroup>
    <ClInclude Include="src\ManageSession.h">
      <Filter>src</Filter>
    </ClInclude>
  </ItemGroup>
</Project>