<?xml version="1.0" encoding="utf-8"?>
<Project ToolsVersion="4.0" xmlns="http://schemas.microsoft.com/developer/msbuild/2003">
  <ItemGroup>
    <Filter Include="ifc">
      <UniqueIdentifier>{68d6ae8f-26b8-4133-adba-7abaf5408bf1}</UniqueIdentifier>
    </Filter>
    <Filter Include="pool">
      <UniqueIdentifier>{05ae1e63-f665-4bcb-95f9-985433b254ad}</UniqueIdentifier>
    </Filter>
    <Filter Include="net">
      <UniqueIdentifier>{7aedde29-e4b7-4f9e-a6ac-bda671fe4e2a}</UniqueIdentifier>
    </Filter>
    <Filter Include="session">
      <UniqueIdentifier>{f9291ffa-0028-4ec8-976b-5d92ab4b994c}</UniqueIdentifier>
    </Filter>
  </ItemGroup>
  <ItemGroup>
    <ClCompile Include="src\InputSessionPool.cpp">
      <Filter>pool</Filter>
    </ClCompile>
    <ClCompile Include="src\OutputSessionPool.cpp">
      <Filter>pool</Filter>
    </ClCompile>
    <ClCompile Include="src\SessionPoolAssistent.cpp">
      <Filter>pool</Filter>
    </ClCompile>
    <ClCompile Include="src\SessionPoolImp.cpp">
      <Filter>pool</Filter>
    </ClCompile>
    <ClCompile Include="src\NetStream.cpp">
      <Filter>net</Filter>
    </ClCompile>
    <ClCompile Include="src\SessionPoolFactory.cpp">
      <Filter>pool</Filter>
    </ClCompile>
    <ClCompile Include="src\Sessionx.cpp">
      <Filter>session</Filter>
    </ClCompile>
    <ClCompile Include="src\CellSessionx.cpp">
      <Filter>session</Filter>
    </ClCompile>
  </ItemGroup>
  <ItemGroup>
    <ClInclude Include="src\InputSessionPool.h">
      <Filter>pool</Filter>
    </ClInclude>
    <ClInclude Include="src\OutputSessionPool.h">
      <Filter>pool</Filter>
    </ClInclude>
    <ClInclude Include="src\SessionPoolAssistent.h">
      <Filter>pool</Filter>
    </ClInclude>
    <ClInclude Include="src\SessionPoolImp.h">
      <Filter>pool</Filter>
    </ClInclude>
    <ClInclude Include="src\NetStream.h">
      <Filter>net</Filter>
    </ClInclude>
    <ClInclude Include="inc\netcore_def.h">
      <Filter>ifc</Filter>
    </ClInclude>
    <ClInclude Include="inc\SessionPoolFactory.h">
      <Filter>ifc</Filter>
    </ClInclude>
    <ClInclude Include="inc\Sessionx.h">
      <Filter>ifc</Filter>
    </ClInclude>
    <ClInclude Include="src\CellSessionx.h">
      <Filter>session</Filter>
    </ClInclude>
    <ClInclude Include="inc\SessionPoolx.h">
      <Filter>ifc</Filter>
    </ClInclude>
  </ItemGroup>
</Project>