<?xml version="1.0" encoding="utf-8"?>
<Project ToolsVersion="4.0" xmlns="http://schemas.microsoft.com/developer/msbuild/2003">
  <ItemGroup>
    <Filter Include="src">
      <UniqueIdentifier>{4FC737F1-C7A5-4376-A066-2A32D752A2FF}</UniqueIdentifier>
      <Extensions>cpp;c;cc;cxx;def;odl;idl;hpj;bat;asm;asmx</Extensions>
    </Filter>
    <Filter Include="protocol">
      <UniqueIdentifier>{2a503d51-cd97-4512-9f6c-2122e2d17234}</UniqueIdentifier>
    </Filter>
  </ItemGroup>
  <ItemGroup>
    <ClCompile Include="src\AllocGuid.cpp">
      <Filter>src</Filter>
    </ClCompile>
    <ClCompile Include="src\ManageConfig.cpp">
      <Filter>src</Filter>
    </ClCompile>
    <ClCompile Include="src\ManageFini.cpp">
      <Filter>src</Filter>
    </ClCompile>
    <ClCompile Include="src\ManageSession.cpp">
      <Filter>src</Filter>
    </ClCompile>
    <ClCompile Include="src\guidsys.cpp">
      <Filter>src</Filter>
    </ClCompile>
    <ClCompile Include="..\common\material-cpp\protocol\msg_guid.pb.cc">
      <Filter>protocol</Filter>
    </ClCompile>
  </ItemGroup>
  <ItemGroup>
    <ClInclude Include="src\AllocGuid.h">
      <Filter>src</Filter>
    </ClInclude>
    <ClInclude Include="src\ManageConfig.h">
      <Filter>src</Filter>
    </ClInclude>
    <ClInclude Include="src\ManageFini.h">
      <Filter>src</Filter>
    </ClInclude>
    <ClInclude Include="src\ManageSession.h">
      <Filter>src</Filter>
    </ClInclude>
    <ClInclude Include="..\common\material-cpp\protocol\msg_guid.pb.h">
      <Filter>protocol</Filter>
    </ClInclude>
  </ItemGroup>
</Project>